
Microsoft Visual Studio Solution File, Format Version 12.00
# Visual Studio Version 16
VisualStudioVersion = 16.0.28803.202
MinimumVisualStudioVersion = 10.0.40219.1
Project("{FAE04EC0-301F-11D3-BF4B-00C04F79EFBC}") = "HangFireSimple", "HongFireSimple\HangFireSimple.csproj", "{C009A1A8-4932-4D94-A1CA-FC3B81E47B39}"
EndProject
Project("{FAE04EC0-301F-11D3-BF4B-00C04F79EFBC}") = "HangFireWebSimple", "HangFireWebSimple\HangFireWebSimple.csproj", "{77DAE94B-62D8-46EF-B0B5-C491E83D92CD}"
EndProject
Project("{FAE04EC0-301F-11D3-BF4B-00C04F79EFBC}") = "Demo", "Demo\Demo.csproj", "{2E3469DC-34CB-431B-ACE6-C2F0DFD11E69}"
EndProject
Project("{FAE04EC0-301F-11D3-BF4B-00C04F79EFBC}") = "TaskUtility", "TaskUtility\TaskUtility.csproj", "{AF506CB2-19B2-4006-B617-CF05AEFA457A}"
EndProject
Project("{FAE04EC0-301F-11D3-BF4B-00C04F79EFBC}") = "LiFFHelper", "LiFFHelper\LiFFHelper.csproj", "{04695DE8-7D70-4CA0-A8BF-39F4DD6313D2}"
EndProject
Project("{FAE04EC0-301F-11D3-BF4B-00C04F79EFBC}") = "TaskDemo", "TaskDemo\TaskDemo.csproj", "{E036E04A-38F0-4F70-A723-B7C895D7F28F}"
EndProject
Project("{FAE04EC0-301F-11D3-BF4B-00C04F79EFBC}") = "ApiDocHelper", "ApiDocHelper\ApiDocHelper.csproj", "{BB3A36A4-431F-4BD7-9FED-57BA133A31D8}"
EndProject
Project("{9A19103F-16F7-4668-BE54-9A1E7A4F7556}") = "RestSharp", "..\..\15开源Github\RestSharp\RestSharp.csproj", "{2CBA0637-BB3C-45B1-85D5-79A398C14556}"
EndProject
Project("{FAE04EC0-301F-11D3-BF4B-00C04F79EFBC}") = "FromInvoke", "FromInvoke\FromInvoke.csproj", "{616C32E0-D140-42B4-83E5-BACC41EDF699}"
EndProject
Project("{FAE04EC0-301F-11D3-BF4B-00C04F79EFBC}") = "PosSharp", "PosSharp\PosSharp.csproj", "{255E11F3-D8F7-4CC7-9105-139195D4E7D1}"
EndProject
Global
	GlobalSection(SolutionConfigurationPlatforms) = preSolution
		Debug|Any CPU = Debug|Any CPU
		Release|Any CPU = Release|Any CPU
	EndGlobalSection
	GlobalSection(ProjectConfigurationPlatforms) = postSolution
		{C009A1A8-4932-4D94-A1CA-FC3B81E47B39}.Debug|Any CPU.ActiveCfg = Debug|Any CPU
		{C009A1A8-4932-4D94-A1CA-FC3B81E47B39}.Debug|Any CPU.Build.0 = Debug|Any CPU
		{C009A1A8-4932-4D94-A1CA-FC3B81E47B39}.Release|Any CPU.ActiveCfg = Release|Any CPU
		{C009A1A8-4932-4D94-A1CA-FC3B81E47B39}.Release|Any CPU.Build.0 = Release|Any CPU
		{77DAE94B-62D8-46EF-B0B5-C491E83D92CD}.Debug|Any CPU.ActiveCfg = Debug|Any CPU
		{77DAE94B-62D8-46EF-B0B5-C491E83D92CD}.Debug|Any CPU.Build.0 = Debug|Any CPU
		{77DAE94B-62D8-46EF-B0B5-C491E83D92CD}.Release|Any CPU.ActiveCfg = Release|Any CPU
		{77DAE94B-62D8-46EF-B0B5-C491E83D92CD}.Release|Any CPU.Build.0 = Release|Any CPU
		{2E3469DC-34CB-431B-ACE6-C2F0DFD11E69}.Debug|Any CPU.ActiveCfg = Debug|Any CPU
		{2E3469DC-34CB-431B-ACE6-C2F0DFD11E69}.Debug|Any CPU.Build.0 = Debug|Any CPU
		{2E3469DC-34CB-431B-ACE6-C2F0DFD11E69}.Release|Any CPU.ActiveCfg = Release|Any CPU
		{2E3469DC-34CB-431B-ACE6-C2F0DFD11E69}.Release|Any CPU.Build.0 = Release|Any CPU
		{AF506CB2-19B2-4006-B617-CF05AEFA457A}.Debug|Any CPU.ActiveCfg = Debug|Any CPU
		{AF506CB2-19B2-4006-B617-CF05AEFA457A}.Debug|Any CPU.Build.0 = Debug|Any CPU
		{AF506CB2-19B2-4006-B617-CF05AEFA457A}.Release|Any CPU.ActiveCfg = Release|Any CPU
		{AF506CB2-19B2-4006-B617-CF05AEFA457A}.Release|Any CPU.Build.0 = Release|Any CPU
		{04695DE8-7D70-4CA0-A8BF-39F4DD6313D2}.Debug|Any CPU.ActiveCfg = Debug|Any CPU
		{04695DE8-7D70-4CA0-A8BF-39F4DD6313D2}.Debug|Any CPU.Build.0 = Debug|Any CPU
		{04695DE8-7D70-4CA0-A8BF-39F4DD6313D2}.Release|Any CPU.ActiveCfg = Release|Any CPU
		{04695DE8-7D70-4CA0-A8BF-39F4DD6313D2}.Release|Any CPU.Build.0 = Release|Any CPU
		{E036E04A-38F0-4F70-A723-B7C895D7F28F}.Debug|Any CPU.ActiveCfg = Debug|Any CPU
		{E036E04A-38F0-4F70-A723-B7C895D7F28F}.Debug|Any CPU.Build.0 = Debug|Any CPU
		{E036E04A-38F0-4F70-A723-B7C895D7F28F}.Release|Any CPU.ActiveCfg = Release|Any CPU
		{E036E04A-38F0-4F70-A723-B7C895D7F28F}.Release|Any CPU.Build.0 = Release|Any CPU
		{BB3A36A4-431F-4BD7-9FED-57BA133A31D8}.Debug|Any CPU.ActiveCfg = Debug|Any CPU
		{BB3A36A4-431F-4BD7-9FED-57BA133A31D8}.Debug|Any CPU.Build.0 = Debug|Any CPU
		{BB3A36A4-431F-4BD7-9FED-57BA133A31D8}.Release|Any CPU.ActiveCfg = Release|Any CPU
		{BB3A36A4-431F-4BD7-9FED-57BA133A31D8}.Release|Any CPU.Build.0 = Release|Any CPU
		{2CBA0637-BB3C-45B1-85D5-79A398C14556}.Debug|Any CPU.ActiveCfg = Debug|Any CPU
		{2CBA0637-BB3C-45B1-85D5-79A398C14556}.Debug|Any CPU.Build.0 = Debug|Any CPU
		{2CBA0637-BB3C-45B1-85D5-79A398C14556}.Release|Any CPU.ActiveCfg = Release|Any CPU
		{2CBA0637-BB3C-45B1-85D5-79A398C14556}.Release|Any CPU.Build.0 = Release|Any CPU
		{616C32E0-D140-42B4-83E5-BACC41EDF699}.Debug|Any CPU.ActiveCfg = Debug|Any CPU
		{616C32E0-D140-42B4-83E5-BACC41EDF699}.Debug|Any CPU.Build.0 = Debug|Any CPU
		{616C32E0-D140-42B4-83E5-BACC41EDF699}.Release|Any CPU.ActiveCfg = Release|Any CPU
		{616C32E0-D140-42B4-83E5-BACC41EDF699}.Release|Any CPU.Build.0 = Release|Any CPU
		{255E11F3-D8F7-4CC7-9105-139195D4E7D1}.Debug|Any CPU.ActiveCfg = Debug|Any CPU
		{255E11F3-D8F7-4CC7-9105-139195D4E7D1}.Debug|Any CPU.Build.0 = Debug|Any CPU
		{255E11F3-D8F7-4CC7-9105-139195D4E7D1}.Release|Any CPU.ActiveCfg = Release|Any CPU
		{255E11F3-D8F7-4CC7-9105-139195D4E7D1}.Release|Any CPU.Build.0 = Release|Any CPU
	EndGlobalSection
	GlobalSection(SolutionProperties) = preSolution
		HideSolutionNode = FALSE
	EndGlobalSection
	GlobalSection(ExtensibilityGlobals) = postSolution
		SolutionGuid = {94D58F17-64B8-4966-83DA-E62931B571D3}
	EndGlobalSection
EndGlobal
